// !$*UTF8*$!
{
	archiveVersion = 1;
	classes = {
	};
	objectVersion = 50;
	objects = {

/* Begin PBXBuildFile section */
		4ED7ACFA21A6DB37008A1ADF /* AppDelegate.swift in Sources */ = {isa = PBXBuildFile; fileRef = 4ED7ACF921A6DB37008A1ADF /* AppDelegate.swift */; };
		4ED7ACFC21A6DB37008A1ADF /* ViewController.swift in Sources */ = {isa = PBXBuildFile; fileRef = 4ED7ACFB21A6DB37008A1ADF /* ViewController.swift */; };
		4ED7ACFF21A6DB37008A1ADF /* Main.storyboard in Resources */ = {isa = PBXBuildFile; fileRef = 4ED7ACFD21A6DB37008A1ADF /* Main.storyboard */; };
		4ED7AD0121A6DB3A008A1ADF /* Assets.xcassets in Resources */ = {isa = PBXBuildFile; fileRef = 4ED7AD0021A6DB3A008A1ADF /* Assets.xcassets */; };
		4ED7AD0421A6DB3A008A1ADF /* LaunchScreen.storyboard in Resources */ = {isa = PBXBuildFile; fileRef = 4ED7AD0221A6DB3A008A1ADF /* LaunchScreen.storyboard */; };
		4ED7AD0F21A6DB3A008A1ADF /* TouchTrackerTests.swift in Sources */ = {isa = PBXBuildFile; fileRef = 4ED7AD0E21A6DB3A008A1ADF /* TouchTrackerTests.swift */; };
		4ED7AD1A21A6DB3A008A1ADF /* TouchTrackerUITests.swift in Sources */ = {isa = PBXBuildFile; fileRef = 4ED7AD1921A6DB3A008A1ADF /* TouchTrackerUITests.swift */; };
/* End PBXBuildFile section */

/* Begin PBXContainerItemProxy section */
		4ED7AD0B21A6DB3A008A1ADF /* PBXContainerItemProxy */ = {
			isa = PBXContainerItemProxy;
			containerPortal = 4ED7ACEE21A6DB37008A1ADF /* Project object */;
			proxyType = 1;
			remoteGlobalIDString = 4ED7ACF521A6DB37008A1ADF;
			remoteInfo = TouchTracker;
		};
		4ED7AD1621A6DB3A008A1ADF /* PBXContainerItemProxy */ = {
			isa = PBXContainerItemProxy;
			containerPortal = 4ED7ACEE21A6DB37008A1ADF /* Project object */;
			proxyType = 1;
			remoteGlobalIDString = 4ED7ACF521A6DB37008A1ADF;
			remoteInfo = TouchTracker;
		};
/* End PBXContainerItemProxy section */

/* Begin PBXFileReference section */
		4ED7ACF621A6DB37008A1ADF /* TouchTracker.app */ = {isa = PBXFileReference; explicitFileType = wrapper.application; includeInIndex = 0; path = TouchTracker.app; sourceTree = BUILT_PRODUCTS_DIR; };
		4ED7ACF921A6DB37008A1ADF /* AppDelegate.swift */ = {isa = PBXFileReference; lastKnownFileType = sourcecode.swift; path = AppDelegate.swift; sourceTree = "<group>"; };
		4ED7ACFB21A6DB37008A1ADF /* ViewController.swift */ = {isa = PBXFileReference; lastKnownFileType = sourcecode.swift; path = ViewController.swift; sourceTree = "<group>"; };
		4ED7ACFE21A6DB37008A1ADF /* Base */ = {isa = PBXFileReference; lastKnownFileType = file.storyboard; name = Base; path = Base.lproj/Main.storyboard; sourceTree = "<group>"; };
		4ED7AD0021A6DB3A008A1ADF /* Assets.xcassets */ = {isa = PBXFileReference; lastKnownFileType = folder.assetcatalog; path = Assets.xcassets; sourceTree = "<group>"; };
		4ED7AD0321A6DB3A008A1ADF /* Base */ = {isa = PBXFileReference; lastKnownFileType = file.storyboard; name = Base; path = Base.lproj/LaunchScreen.storyboard; sourceTree = "<group>"; };
		4ED7AD0521A6DB3A008A1ADF /* Info.plist */ = {isa = PBXFileReference; lastKnownFileType = text.plist.xml; path = Info.plist; sourceTree = "<group>"; };
		4ED7AD0A21A6DB3A008A1ADF /* TouchTrackerTests.xctest */ = {isa = PBXFileReference; explicitFileType = wrapper.cfbundle; includeInIndex = 0; path = TouchTrackerTests.xctest; sourceTree = BUILT_PRODUCTS_DIR; };
		4ED7AD0E21A6DB3A008A1ADF /* TouchTrackerTests.swift */ = {isa = PBXFileReference; lastKnownFileType = sourcecode.swift; path = TouchTrackerTests.swift; sourceTree = "<group>"; };
		4ED7AD1021A6DB3A008A1ADF /* Info.plist */ = {isa = PBXFileReference; lastKnownFileType = text.plist.xml; path = Info.plist; sourceTree = "<group>"; };
		4ED7AD1521A6DB3A008A1ADF /* TouchTrackerUITests.xctest */ = {isa = PBXFileReference; explicitFileType = wrapper.cfbundle; includeInIndex = 0; path = TouchTrackerUITests.xctest; sourceTree = BUILT_PRODUCTS_DIR; };
		4ED7AD1921A6DB3A008A1ADF /* TouchTrackerUITests.swift */ = {isa = PBXFileReference; lastKnownFileType = sourcecode.swift; path = TouchTrackerUITests.swift; sourceTree = "<group>"; };
		4ED7AD1B21A6DB3A008A1ADF /* Info.plist */ = {isa = PBXFileReference; lastKnownFileType = text.plist.xml; path = Info.plist; sourceTree = "<group>"; };
/* End PBXFileReference section */

/* Begin PBXFrameworksBuildPhase section */
		4ED7ACF321A6DB37008A1ADF /* Frameworks */ = {
			isa = PBXFrameworksBuildPhase;
			buildActionMask = 2147483647;
			files = (
			);
			runOnlyForDeploymentPostprocessing = 0;
		};
		4ED7AD0721A6DB3A008A1ADF /* Frameworks */ = {
			isa = PBXFrameworksBuildPhase;
			buildActionMask = 2147483647;
			files = (
			);
			runOnlyForDeploymentPostprocessing = 0;
		};
		4ED7AD1221A6DB3A008A1ADF /* Frameworks */ = {
			isa = PBXFrameworksBuildPhase;
			buildActionMask = 2147483647;
			files = (
			);
			runOnlyForDeploymentPostprocessing = 0;
		};
/* End PBXFrameworksBuildPhase section */

/* Begin PBXGroup section */
		4ED7ACED21A6DB37008A1ADF = {
			isa = PBXGroup;
			children = (
				4ED7ACF821A6DB37008A1ADF /* TouchTracker */,
				4ED7AD0D21A6DB3A008A1ADF /* TouchTrackerTests */,
				4ED7AD1821A6DB3A008A1ADF /* TouchTrackerUITests */,
				4ED7ACF721A6DB37008A1ADF /* Products */,
			);
			sourceTree = "<group>";
		};
		4ED7ACF721A6DB37008A1ADF /* Products */ = {
			isa = PBXGroup;
			children = (
				4ED7ACF621A6DB37008A1ADF /* TouchTracker.app */,
				4ED7AD0A21A6DB3A008A1ADF /* TouchTrackerTests.xctest */,
				4ED7AD1521A6DB3A008A1ADF /* TouchTrackerUITests.xctest */,
			);
			name = Products;
			sourceTree = "<group>";
		};
		4ED7ACF821A6DB37008A1ADF /* TouchTracker */ = {
			isa = PBXGroup;
			children = (
				4ED7ACF921A6DB37008A1ADF /* AppDelegate.swift */,
				4ED7ACFB21A6DB37008A1ADF /* ViewController.swift */,
				4ED7ACFD21A6DB37008A1ADF /* Main.storyboard */,
				4ED7AD0021A6DB3A008A1ADF /* Assets.xcassets */,
				4ED7AD0221A6DB3A008A1ADF /* LaunchScreen.storyboard */,
				4ED7AD0521A6DB3A008A1ADF /* Info.plist */,
			);
			path = TouchTracker;
			sourceTree = "<group>";
		};
		4ED7AD0D21A6DB3A008A1ADF /* TouchTrackerTests */ = {
			isa = PBXGroup;
			children = (
				4ED7AD0E21A6DB3A008A1ADF /* TouchTrackerTests.swift */,
				4ED7AD1021A6DB3A008A1ADF /* Info.plist */,
			);
			path = TouchTrackerTests;
			sourceTree = "<group>";
		};
		4ED7AD1821A6DB3A008A1ADF /* TouchTrackerUITests */ = {
			isa = PBXGroup;
			children = (
				4ED7AD1921A6DB3A008A1ADF /* TouchTrackerUITests.swift */,
				4ED7AD1B21A6DB3A008A1ADF /* Info.plist */,
			);
			path = TouchTrackerUITests;
			sourceTree = "<group>";
		};
/* End PBXGroup section */

/* Begin PBXNativeTarget section */
		4ED7ACF521A6DB37008A1ADF /* TouchTracker */ = {
			isa = PBXNativeTarget;
			buildConfigurationList = 4ED7AD1E21A6DB3A008A1ADF /* Build configuration list for PBXNativeTarget "TouchTracker" */;
			buildPhases = (
				4ED7ACF221A6DB37008A1ADF /* Sources */,
				4ED7ACF321A6DB37008A1ADF /* Frameworks */,
				4ED7ACF421A6DB37008A1ADF /* Resources */,
			);
			buildRules = (
			);
			dependencies = (
			);
			name = TouchTracker;
			productName = TouchTracker;
			productReference = 4ED7ACF621A6DB37008A1ADF /* TouchTracker.app */;
			productType = "com.apple.product-type.application";
		};
		4ED7AD0921A6DB3A008A1ADF /* TouchTrackerTests */ = {
			isa = PBXNativeTarget;
			buildConfigurationList = 4ED7AD2121A6DB3A008A1ADF /* Build configuration list for PBXNativeTarget "TouchTrackerTests" */;
			buildPhases = (
				4ED7AD0621A6DB3A008A1ADF /* Sources */,
				4ED7AD0721A6DB3A008A1ADF /* Frameworks */,
				4ED7AD0821A6DB3A008A1ADF /* Resources */,
			);
			buildRules = (
			);
			dependencies = (
				4ED7AD0C21A6DB3A008A1ADF /* PBXTargetDependency */,
			);
			name = TouchTrackerTests;
			productName = TouchTrackerTests;
			productReference = 4ED7AD0A21A6DB3A008A1ADF /* TouchTrackerTests.xctest */;
			productType = "com.apple.product-type.bundle.unit-test";
		};
		4ED7AD1421A6DB3A008A1ADF /* TouchTrackerUITests */ = {
			isa = PBXNativeTarget;
			buildConfigurationList = 4ED7AD2421A6DB3A008A1ADF /* Build configuration list for PBXNativeTarget "TouchTrackerUITests" */;
			buildPhases = (
				4ED7AD1121A6DB3A008A1ADF /* Sources */,
				4ED7AD1221A6DB3A008A1ADF /* Frameworks */,
				4ED7AD1321A6DB3A008A1ADF /* Resources */,
			);
			buildRules = (
			);
			dependencies = (
				4ED7AD1721A6DB3A008A1ADF /* PBXTargetDependency */,
			);
			name = TouchTrackerUITests;
			productName = TouchTrackerUITests;
			productReference = 4ED7AD1521A6DB3A008A1ADF /* TouchTrackerUITests.xctest */;
			productType = "com.apple.product-type.bundle.ui-testing";
		};
/* End PBXNativeTarget section */

/* Begin PBXProject section */
		4ED7ACEE21A6DB37008A1ADF /* Project object */ = {
			isa = PBXProject;
			attributes = {
				LastSwiftUpdateCheck = 1010;
				LastUpgradeCheck = 1010;
				ORGANIZATIONNAME = freakytune;
				TargetAttributes = {
					4ED7ACF521A6DB37008A1ADF = {
						CreatedOnToolsVersion = 10.1;
					};
					4ED7AD0921A6DB3A008A1ADF = {
						CreatedOnToolsVersion = 10.1;
						TestTargetID = 4ED7ACF521A6DB37008A1ADF;
					};
					4ED7AD1421A6DB3A008A1ADF = {
						CreatedOnToolsVersion = 10.1;
						TestTargetID = 4ED7ACF521A6DB37008A1ADF;
					};
				};
			};
			buildConfigurationList = 4ED7ACF121A6DB37008A1ADF /* Build configuration list for PBXProject "TouchTracker" */;
			compatibilityVersion = "Xcode 9.3";
			developmentRegion = en;
			hasScannedForEncodings = 0;
			knownRegions = (
				en,
				Base,
			);
			mainGroup = 4ED7ACED21A6DB37008A1ADF;
			productRefGroup = 4ED7ACF721A6DB37008A1ADF /* Products */;
			projectDirPath = "";
			projectRoot = "";
			targets = (
				4ED7ACF521A6DB37008A1ADF /* TouchTracker */,
				4ED7AD0921A6DB3A008A1ADF /* TouchTrackerTests */,
				4ED7AD1421A6DB3A008A1ADF /* TouchTrackerUITests */,
			);
		};
/* End PBXProject section */

/* Begin PBXResourcesBuildPhase section */
		4ED7ACF421A6DB37008A1ADF /* Resources */ = {
			isa = PBXResourcesBuildPhase;
			buildActionMask = 2147483647;
			files = (
				4ED7AD0421A6DB3A008A1ADF /* LaunchScreen.storyboard in Resources */,
				4ED7AD0121A6DB3A008A1ADF /* Assets.xcassets in Resources */,
				4ED7ACFF21A6DB37008A1ADF /* Main.storyboard in Resources */,
			);
			runOnlyForDeploymentPostprocessing = 0;
		};
		4ED7AD0821A6DB3A008A1ADF /* Resources */ = {
			isa = PBXResourcesBuildPhase;
			buildActionMask = 2147483647;
			files = (
			);
			runOnlyForDeploymentPostprocessing = 0;
		};
		4ED7AD1321A6DB3A008A1ADF /* Resources */ = {
			isa = PBXResourcesBuildPhase;
			buildActionMask = 2147483647;
			files = (
			);
			runOnlyForDeploymentPostprocessing = 0;
		};
/* End PBXResourcesBuildPhase section */

/* Begin PBXSourcesBuildPhase section */
		4ED7ACF221A6DB37008A1ADF /* Sources */ = {
			isa = PBXSourcesBuildPhase;
			buildActionMask = 2147483647;
			files = (
				4ED7ACFC21A6DB37008A1ADF /* ViewController.swift in Sources */,
				4ED7ACFA21A6DB37008A1ADF /* AppDelegate.swift in Sources */,
			);
			runOnlyForDeploymentPostprocessing = 0;
		};
		4ED7AD0621A6DB3A008A1ADF /* Sources */ = {
			isa = PBXSourcesBuildPhase;
			buildActionMask = 2147483647;
			files = (
				4ED7AD0F21A6DB3A008A1ADF /* TouchTrackerTests.swift in Sources */,
			);
			runOnlyForDeploymentPostprocessing = 0;
		};
		4ED7AD1121A6DB3A008A1ADF /* Sources */ = {
			isa = PBXSourcesBuildPhase;
			buildActionMask = 2147483647;
			files = (
				4ED7AD1A21A6DB3A008A1ADF /* TouchTrackerUITests.swift in Sources */,
			);
			runOnlyForDeploymentPostprocessing = 0;
		};
/* End PBXSourcesBuildPhase section */

/* Begin PBXTargetDependency section */
		4ED7AD0C21A6DB3A008A1ADF /* PBXTargetDependency */ = {
			isa = PBXTargetDependency;
			target = 4ED7ACF521A6DB37008A1ADF /* TouchTracker */;
			targetProxy = 4ED7AD0B21A6DB3A008A1ADF /* PBXContainerItemProxy */;
		};
		4ED7AD1721A6DB3A008A1ADF /* PBXTargetDependency */ = {
			isa = PBXTargetDependency;
			target = 4ED7ACF521A6DB37008A1ADF /* TouchTracker */;
			targetProxy = 4ED7AD1621A6DB3A008A1ADF /* PBXContainerItemProxy */;
		};
/* End PBXTargetDependency section */

/* Begin PBXVariantGroup section */
		4ED7ACFD21A6DB37008A1ADF /* Main.storyboard */ = {
			isa = PBXVariantGroup;
			children = (
				4ED7ACFE21A6DB37008A1ADF /* Base */,
			);
			name = Main.storyboard;
			sourceTree = "<group>";
		};
		4ED7AD0221A6DB3A008A1ADF /* LaunchScreen.storyboard */ = {
			isa = PBXVariantGroup;
			children = (
				4ED7AD0321A6DB3A008A1ADF /* Base */,
			);
			name = LaunchScreen.storyboard;
			sourceTree = "<group>";
		};
/* End PBXVariantGroup section */

/* Begin XCBuildConfiguration section */
		4ED7AD1C21A6DB3A008A1ADF /* Debug */ = {
			isa = XCBuildConfiguration;
			buildSettings = {
				ALWAYS_SEARCH_USER_PATHS = NO;
				CLANG_ANALYZER_NONNULL = YES;
				CLANG_ANALYZER_NUMBER_OBJECT_CONVERSION = YES_AGGRESSIVE;
				CLANG_CXX_LANGUAGE_STANDARD = "gnu++14";
				CLANG_CXX_LIBRARY = "libc++";
				CLANG_ENABLE_MODULES = YES;
				CLANG_ENABLE_OBJC_ARC = YES;
				CLANG_ENABLE_OBJC_WEAK = YES;
				CLANG_WARN_BLOCK_CAPTURE_AUTORELEASING = YES;
				CLANG_WARN_BOOL_CONVERSION = YES;
				CLANG_WARN_COMMA = YES;
				CLANG_WARN_CONSTANT_CONVERSION = YES;
				CLANG_WARN_DEPRECATED_OBJC_IMPLEMENTATIONS = YES;
				CLANG_WARN_DIRECT_OBJC_ISA_USAGE = YES_ERROR;
				CLANG_WARN_DOCUMENTATION_COMMENTS = YES;
				CLANG_WARN_EMPTY_BODY = YES;
				CLANG_WARN_ENUM_CONVERSION = YES;
				CLANG_WARN_INFINITE_RECURSION = YES;
				CLANG_WARN_INT_CONVERSION = YES;
				CLANG_WARN_NON_LITERAL_NULL_CONVERSION = YES;
				CLANG_WARN_OBJC_IMPLICIT_RETAIN_SELF = YES;
				CLANG_WARN_OBJC_LITERAL_CONVERSION = YES;
				CLANG_WARN_OBJC_ROOT_CLASS = YES_ERROR;
				CLANG_WARN_RANGE_LOOP_ANALYSIS = YES;
				CLANG_WARN_STRICT_PROTOTYPES = YES;
				CLANG_WARN_SUSPICIOUS_MOVE = YES;
				CLANG_WARN_UNGUARDED_AVAILABILITY = YES_AGGRESSIVE;
				CLANG_WARN_UNREACHABLE_CODE = YES;
				CLANG_WARN__DUPLICATE_METHOD_MATCH = YES;
				CODE_SIGN_IDENTITY = "iPhone Developer";
				COPY_PHASE_STRIP = NO;
				DEBUG_INFORMATION_FORMAT = dwarf;
				ENABLE_STRICT_OBJC_MSGSEND = YES;
				ENABLE_TESTABILITY = YES;
				GCC_C_LANGUAGE_STANDARD = gnu11;
				GCC_DYNAMIC_NO_PIC = NO;
				GCC_NO_COMMON_BLOCKS = YES;
				GCC_OPTIMIZATION_LEVEL = 0;
				GCC_PREPROCESSOR_DEFINITIONS = (
					"DEBUG=1",
					"$(inherited)",
				);
				GCC_WARN_64_TO_32_BIT_CONVERSION = YES;
				GCC_WARN_ABOUT_RETURN_TYPE = YES_ERROR;
				GCC_WARN_UNDECLARED_SELECTOR = YES;
				GCC_WARN_UNINITIALIZED_AUTOS = YES_AGGRESSIVE;
				GCC_WARN_UNUSED_FUNCTION = YES;
				GCC_WARN_UNUSED_VARIABLE = YES;
				IPHONEOS_DEPLOYMENT_TARGET = 12.1;
				MTL_ENABLE_DEBUG_INFO = INCLUDE_SOURCE;
				MTL_FAST_MATH = YES;
				ONLY_ACTIVE_ARCH = YES;
				SDKROOT = iphoneos;
				SWIFT_ACTIVE_COMPILATION_CONDITIONS = DEBUG;
				SWIFT_OPTIMIZATION_LEVEL = "-Onone";
			};
			name = Debug;
		};
		4ED7AD1D21A6DB3A008A1ADF /* Release */ = {
			isa = XCBuildConfiguration;
			buildSettings = {
				ALWAYS_SEARCH_USER_PATHS = NO;
				CLANG_ANALYZER_NONNULL = YES;
				CLANG_ANALYZER_NUMBER_OBJECT_CONVERSION = YES_AGGRESSIVE;
				CLANG_CXX_LANGUAGE_STANDARD = "gnu++14";
				CLANG_CXX_LIBRARY = "libc++";
				CLANG_ENABLE_MODULES = YES;
				CLANG_ENABLE_OBJC_ARC = YES;
				CLANG_ENABLE_OBJC_WEAK = YES;
				CLANG_WARN_BLOCK_CAPTURE_AUTORELEASING = YES;
				CLANG_WARN_BOOL_CONVERSION = YES;
				CLANG_WARN_COMMA = YES;
				CLANG_WARN_CONSTANT_CONVERSION = YES;
				CLANG_WARN_DEPRECATED_OBJC_IMPLEMENTATIONS = YES;
				CLANG_WARN_DIRECT_OBJC_ISA_USAGE = YES_ERROR;
				CLANG_WARN_DOCUMENTATION_COMMENTS = YES;
				CLANG_WARN_EMPTY_BODY = YES;
				CLANG_WARN_ENUM_CONVERSION = YES;
				CLANG_WARN_INFINITE_RECURSION = YES;
				CLANG_WARN_INT_CONVERSION = YES;
				CLANG_WARN_NON_LITERAL_NULL_CONVERSION = YES;
				CLANG_WARN_OBJC_IMPLICIT_RETAIN_SELF = YES;
				CLANG_WARN_OBJC_LITERAL_CONVERSION = YES;
				CLANG_WARN_OBJC_ROOT_CLASS = YES_ERROR;
				CLANG_WARN_RANGE_LOOP_ANALYSIS = YES;
				CLANG_WARN_STRICT_PROTOTYPES = YES;
				CLANG_WARN_SUSPICIOUS_MOVE = YES;
				CLANG_WARN_UNGUARDED_AVAILABILITY = YES_AGGRESSIVE;
				CLANG_WARN_UNREACHABLE_CODE = YES;
				CLANG_WARN__DUPLICATE_METHOD_MATCH = YES;
				CODE_SIGN_IDENTITY = "iPhone Developer";
				COPY_PHASE_STRIP = NO;
				DEBUG_INFORMATION_FORMAT = "dwarf-with-dsym";
				ENABLE_NS_ASSERTIONS = NO;
				ENABLE_STRICT_OBJC_MSGSEND = YES;
				GCC_C_LANGUAGE_STANDARD = gnu11;
				GCC_NO_COMMON_BLOCKS = YES;
				GCC_WARN_64_TO_32_BIT_CONVERSION = YES;
				GCC_WARN_ABOUT_RETURN_TYPE = YES_ERROR;
				GCC_WARN_UNDECLARED_SELECTOR = YES;
				GCC_WARN_UNINITIALIZED_AUTOS = YES_AGGRESSIVE;
				GCC_WARN_UNUSED_FUNCTION = YES;
				GCC_WARN_UNUSED_VARIABLE = YES;
				IPHONEOS_DEPLOYMENT_TARGET = 12.1;
				MTL_ENABLE_DEBUG_INFO = NO;
				MTL_FAST_MATH = YES;
				SDKROOT = iphoneos;
				SWIFT_COMPILATION_MODE = wholemodule;
				SWIFT_OPTIMIZATION_LEVEL = "-O";
				VALIDATE_PRODUCT = YES;
			};
			name = Release;
		};
		4ED7AD1F21A6DB3A008A1ADF /* Debug */ = {
			isa = XCBuildConfiguration;
			buildSettings = {
				ASSETCATALOG_COMPILER_APPICON_NAME = AppIcon;
				CODE_SIGN_STYLE = Automatic;
				INFOPLIST_FILE = TouchTracker/Info.plist;
				LD_RUNPATH_SEARCH_PATHS = (
					"$(inherited)",
					"@executable_path/Frameworks",
				);
				PRODUCT_BUNDLE_IDENTIFIER = com.bignerdranch.TouchTracker;
				PRODUCT_NAME = "$(TARGET_NAME)";
				SWIFT_VERSION = 4.2;
				TARGETED_DEVICE_FAMILY = "1,2";
			};
			name = Debug;
		};
		4ED7AD2021A6DB3A008A1ADF /* Release */ = {
			isa = XCBuildConfiguration;
			buildSettings = {
				ASSETCATALOG_COMPILER_APPICON_NAME = AppIcon;
				CODE_SIGN_STYLE = Automatic;
				INFOPLIST_FILE = TouchTracker/Info.plist;
				LD_RUNPATH_SEARCH_PATHS = (
					"$(inherited)",
					"@executable_path/Frameworks",
				);
				PRODUCT_BUNDLE_IDENTIFIER = com.bignerdranch.TouchTracker;
				PRODUCT_NAME = "$(TARGET_NAME)";
				SWIFT_VERSION = 4.2;
				TARGETED_DEVICE_FAMILY = "1,2";
			};
			name = Release;
		};
		4ED7AD2221A6DB3A008A1ADF /* Debug */ = {
			isa = XCBuildConfiguration;
			buildSettings = {
				ALWAYS_EMBED_SWIFT_STANDARD_LIBRARIES = YES;
				BUNDLE_LOADER = "$(TEST_HOST)";
				CODE_SIGN_STYLE = Automatic;
				INFOPLIST_FILE = TouchTrackerTests/Info.plist;
				LD_RUNPATH_SEARCH_PATHS = (
					"$(inherited)",
					"@executable_path/Frameworks",
					"@loader_path/Frameworks",
				);
				PRODUCT_BUNDLE_IDENTIFIER = com.bignerdranch.TouchTrackerTests;
				PRODUCT_NAME = "$(TARGET_NAME)";
				SWIFT_VERSION = 4.2;
				TARGETED_DEVICE_FAMILY = "1,2";
				TEST_HOST = "$(BUILT_PRODUCTS_DIR)/TouchTracker.app/TouchTracker";
			};
			name = Debug;
		};
		4ED7AD2321A6DB3A008A1ADF /* Release */ = {
			isa = XCBuildConfiguration;
			buildSettings = {
				ALWAYS_EMBED_SWIFT_STANDARD_LIBRARIES = YES;
				BUNDLE_LOADER = "$(TEST_HOST)";
				CODE_SIGN_STYLE = Automatic;
				INFOPLIST_FILE = TouchTrackerTests/Info.plist;
				LD_RUNPATH_SEARCH_PATHS = (
					"$(inherited)",
					"@executable_path/Frameworks",
					"@loader_path/Frameworks",
				);
				PRODUCT_BUNDLE_IDENTIFIER = com.bignerdranch.TouchTrackerTests;
				PRODUCT_NAME = "$(TARGET_NAME)";
				SWIFT_VERSION = 4.2;
				TARGETED_DEVICE_FAMILY = "1,2";
				TEST_HOST = "$(BUILT_PRODUCTS_DIR)/TouchTracker.app/TouchTracker";
			};
			name = Release;
		};
		4ED7AD2521A6DB3A008A1ADF /* Debug */ = {
			isa = XCBuildConfiguration;
			buildSettings = {
				ALWAYS_EMBED_SWIFT_STANDARD_LIBRARIES = YES;
				CODE_SIGN_STYLE = Automatic;
				INFOPLIST_FILE = TouchTrackerUITests/Info.plist;
				LD_RUNPATH_SEARCH_PATHS = (
					"$(inherited)",
					"@executable_path/Frameworks",
					"@loader_path/Frameworks",
				);
				PRODUCT_BUNDLE_IDENTIFIER = com.bignerdranch.TouchTrackerUITests;
				PRODUCT_NAME = "$(TARGET_NAME)";
				SWIFT_VERSION = 4.2;
				TARGETED_DEVICE_FAMILY = "1,2";
				TEST_TARGET_NAME = TouchTracker;
			};
			name = Debug;
		};
		4ED7AD2621A6DB3A008A1ADF /* Release */ = {
			isa = XCBuildConfiguration;
			buildSettings = {
				ALWAYS_EMBED_SWIFT_STANDARD_LIBRARIES = YES;
				CODE_SIGN_STYLE = Automatic;
				INFOPLIST_FILE = TouchTrackerUITests/Info.plist;
				LD_RUNPATH_SEARCH_PATHS = (
					"$(inherited)",
					"@executable_path/Frameworks",
					"@loader_path/Frameworks",
				);
				PRODUCT_BUNDLE_IDENTIFIER = com.bignerdranch.TouchTrackerUITests;
				PRODUCT_NAME = "$(TARGET_NAME)";
				SWIFT_VERSION = 4.2;
				TARGETED_DEVICE_FAMILY = "1,2";
				TEST_TARGET_NAME = TouchTracker;
			};
			name = Release;
		};
/* End XCBuildConfiguration section */

/* Begin XCConfigurationList section */
		4ED7ACF121A6DB37008A1ADF /* Build configuration list for PBXProject "TouchTracker" */ = {
			isa = XCConfigurationList;
			buildConfigurations = (
				4ED7AD1C21A6DB3A008A1ADF /* Debug */,
				4ED7AD1D21A6DB3A008A1ADF /* Release */,
			);
			defaultConfigurationIsVisible = 0;
			defaultConfigurationName = Release;
		};
		4ED7AD1E21A6DB3A008A1ADF /* Build configuration list for PBXNativeTarget "TouchTracker" */ = {
			isa = XCConfigurationList;
			buildConfigurations = (
				4ED7AD1F21A6DB3A008A1ADF /* Debug */,
				4ED7AD2021A6DB3A008A1ADF /* Release */,
			);
			defaultConfigurationIsVisible = 0;
			defaultConfigurationName = Release;
		};
		4ED7AD2121A6DB3A008A1ADF /* Build configuration list for PBXNativeTarget "TouchTrackerTests" */ = {
			isa = XCConfigurationList;
			buildConfigurations = (
				4ED7AD2221A6DB3A008A1ADF /* Debug */,
				4ED7AD2321A6DB3A008A1ADF /* Release */,
			);
			defaultConfigurationIsVisible = 0;
			defaultConfigurationName = Release;
		};
		4ED7AD2421A6DB3A008A1ADF /* Build configuration list for PBXNativeTarget "TouchTrackerUITests" */ = {
			isa = XCConfigurationList;
			buildConfigurations = (
				4ED7AD2521A6DB3A008A1ADF /* Debug */,
				4ED7AD2621A6DB3A008A1ADF /* Release */,
			);
			defaultConfigurationIsVisible = 0;
			defaultConfigurationName = Release;
		};
/* End XCConfigurationList section */
	};
	rootObject = 4ED7ACEE21A6DB37008A1ADF /* Project object */;
}
